dependencies:
  core-esp32:
    component_hash: 8f48f9227d3516297c1c15ce42941eace67ce2cec31be8d3812dac0aa65fa221
    dependencies:
    - name: idf
      version: '>=5.0'
    - name: espressif/fmt
      version: ^10.1.0~1
    source:
      git: git@github.com:darvik80/esp-idf-components.git
      path: core-esp32
      type: git
    version: 38f738c8a4fbd0707821eb07ae4233f8163d04ca
  espressif/fmt:
    component_hash: 05c74b1a3769a20be6fdaccab7e99af8d86bd7fbb2f1fd0a256b165de0f73e88
    dependencies:
    - name: idf
      require: private
      version: '>=4.1'
    source:
      registry_url: https://components.espressif.com/
      type: service
    version: 10.1.0~1
  espressif/led_strip:
    component_hash: 223998f10cae6d81f2ad2dd3c1103c2221be298c708e37917482b0153f3ec64e
    dependencies:
    - name: idf
      require: private
      version: '>=5.0'
    source:
      registry_url: https://components.espressif.com/
      type: service
    version: 3.0.1~1
  idf:
    source:
      type: idf
    version: 5.5.1
  led-strip-service:
    component_hash: 5679db3b7c121c583102955eb6c937a25305875e4db727f2b2de47040e1dd7d8
    dependencies:
    - name: espressif/led_strip
      version: '*'
    - name: idf
      version: '>=5.3'
    source:
      git: git@github.com:darvik80/esp-idf-components.git
      path: components-cpp/led-strip-service
      type: git
    version: 38f738c8a4fbd0707821eb07ae4233f8163d04ca
direct_dependencies:
- core-esp32
- espressif/fmt
- idf
- led-strip-service
manifest_hash: 12175724ae0d404ab55d7f1dac0ddb7def6c53132b12b0de3a20f521862ff3ea
target: esp32c3
version: 2.0.0
